// !$*UTF8*$!
{
	archiveVersion = 1;
	classes = {
	};
	objectVersion = 56;
	objects = {

/* Begin PBXBuildFile section */
		93A24391295B27B10062DA37 /* chordplayerApp.swift in Sources */ = {isa = PBXBuildFile; fileRef = 93A24390295B27B10062DA37 /* chordplayerApp.swift */; };
		93A24393295B27B10062DA37 /* ContentView.swift in Sources */ = {isa = PBXBuildFile; fileRef = 93A24392295B27B10062DA37 /* ContentView.swift */; };
		93A24395295B27B20062DA37 /* Assets.xcassets in Resources */ = {isa = PBXBuildFile; fileRef = 93A24394295B27B20062DA37 /* Assets.xcassets */; };
		93A24399295B27B20062DA37 /* Preview Assets.xcassets in Resources */ = {isa = PBXBuildFile; fileRef = 93A24398295B27B20062DA37 /* Preview Assets.xcassets */; };
		93A243A3295B27B20062DA37 /* chordplayerTests.swift in Sources */ = {isa = PBXBuildFile; fileRef = 93A243A2295B27B20062DA37 /* chordplayerTests.swift */; };
		93A243AD295B27B20062DA37 /* chordplayerUITests.swift in Sources */ = {isa = PBXBuildFile; fileRef = 93A243AC295B27B20062DA37 /* chordplayerUITests.swift */; };
		93A243AF295B27B20062DA37 /* chordplayerUITestsLaunchTests.swift in Sources */ = {isa = PBXBuildFile; fileRef = 93A243AE295B27B20062DA37 /* chordplayerUITestsLaunchTests.swift */; };
		93A243C4295BF4B20062DA37 /* KeyShape.swift in Sources */ = {isa = PBXBuildFile; fileRef = 93A243C3295BF4B20062DA37 /* KeyShape.swift */; };
		93A243C6295BF4E50062DA37 /* PianoKeyModel.swift in Sources */ = {isa = PBXBuildFile; fileRef = 93A243C5295BF4E50062DA37 /* PianoKeyModel.swift */; };
		93A243C9295BF4FE0062DA37 /* PianoModel.swift in Sources */ = {isa = PBXBuildFile; fileRef = 93A243C7295BF4FE0062DA37 /* PianoModel.swift */; };
		93A243CA295BF4FE0062DA37 /* PianoKeyView.swift in Sources */ = {isa = PBXBuildFile; fileRef = 93A243C8295BF4FE0062DA37 /* PianoKeyView.swift */; };
		93A243CE295BF60C0062DA37 /* PianoView.swift in Sources */ = {isa = PBXBuildFile; fileRef = 93A243CD295BF60C0062DA37 /* PianoView.swift */; };
		93A243D0295C09FB0062DA37 /* Piano.swift in Sources */ = {isa = PBXBuildFile; fileRef = 93A243CF295C09FB0062DA37 /* Piano.swift */; };
		93A243D2295C0E200062DA37 /* MusicTheory.swift in Sources */ = {isa = PBXBuildFile; fileRef = 93A243D1295C0E200062DA37 /* MusicTheory.swift */; };
/* End PBXBuildFile section */

/* Begin PBXContainerItemProxy section */
		93A2439F295B27B20062DA37 /* PBXContainerItemProxy */ = {
			isa = PBXContainerItemProxy;
			containerPortal = 93A24385295B27B10062DA37 /* Project object */;
			proxyType = 1;
			remoteGlobalIDString = 93A2438C295B27B10062DA37;
			remoteInfo = chordplayer;
		};
		93A243A9295B27B20062DA37 /* PBXContainerItemProxy */ = {
			isa = PBXContainerItemProxy;
			containerPortal = 93A24385295B27B10062DA37 /* Project object */;
			proxyType = 1;
			remoteGlobalIDString = 93A2438C295B27B10062DA37;
			remoteInfo = chordplayer;
		};
/* End PBXContainerItemProxy section */

/* Begin PBXFileReference section */
		93A2438D295B27B10062DA37 /* chordplayer.app */ = {isa = PBXFileReference; explicitFileType = wrapper.application; includeInIndex = 0; path = chordplayer.app; sourceTree = BUILT_PRODUCTS_DIR; };
		93A24390295B27B10062DA37 /* chordplayerApp.swift */ = {isa = PBXFileReference; lastKnownFileType = sourcecode.swift; path = chordplayerApp.swift; sourceTree = "<group>"; };
		93A24392295B27B10062DA37 /* ContentView.swift */ = {isa = PBXFileReference; lastKnownFileType = sourcecode.swift; path = ContentView.swift; sourceTree = "<group>"; };
		93A24394295B27B20062DA37 /* Assets.xcassets */ = {isa = PBXFileReference; lastKnownFileType = folder.assetcatalog; path = Assets.xcassets; sourceTree = "<group>"; };
		93A24396295B27B20062DA37 /* chordplayer.entitlements */ = {isa = PBXFileReference; lastKnownFileType = text.plist.entitlements; path = chordplayer.entitlements; sourceTree = "<group>"; };
		93A24398295B27B20062DA37 /* Preview Assets.xcassets */ = {isa = PBXFileReference; lastKnownFileType = folder.assetcatalog; path = "Preview Assets.xcassets"; sourceTree = "<group>"; };
		93A2439E295B27B20062DA37 /* chordplayerTests.xctest */ = {isa = PBXFileReference; explicitFileType = wrapper.cfbundle; includeInIndex = 0; path = chordplayerTests.xctest; sourceTree = BUILT_PRODUCTS_DIR; };
		93A243A2295B27B20062DA37 /* chordplayerTests.swift */ = {isa = PBXFileReference; lastKnownFileType = sourcecode.swift; path = chordplayerTests.swift; sourceTree = "<group>"; };
		93A243A8295B27B20062DA37 /* chordplayerUITests.xctest */ = {isa = PBXFileReference; explicitFileType = wrapper.cfbundle; includeInIndex = 0; path = chordplayerUITests.xctest; sourceTree = BUILT_PRODUCTS_DIR; };
		93A243AC295B27B20062DA37 /* chordplayerUITests.swift */ = {isa = PBXFileReference; lastKnownFileType = sourcecode.swift; path = chordplayerUITests.swift; sourceTree = "<group>"; };
		93A243AE295B27B20062DA37 /* chordplayerUITestsLaunchTests.swift */ = {isa = PBXFileReference; lastKnownFileType = sourcecode.swift; path = chordplayerUITestsLaunchTests.swift; sourceTree = "<group>"; };
		93A243C3295BF4B20062DA37 /* KeyShape.swift */ = {isa = PBXFileReference; fileEncoding = 4; lastKnownFileType = sourcecode.swift; path = KeyShape.swift; sourceTree = "<group>"; };
		93A243C5295BF4E50062DA37 /* PianoKeyModel.swift */ = {isa = PBXFileReference; fileEncoding = 4; lastKnownFileType = sourcecode.swift; path = PianoKeyModel.swift; sourceTree = "<group>"; };
		93A243C7295BF4FE0062DA37 /* PianoModel.swift */ = {isa = PBXFileReference; fileEncoding = 4; lastKnownFileType = sourcecode.swift; name = PianoModel.swift; path = ../../../PianoSample/PianoSample/PianoModel.swift; sourceTree = "<group>"; };
		93A243C8295BF4FE0062DA37 /* PianoKeyView.swift */ = {isa = PBXFileReference; fileEncoding = 4; lastKnownFileType = sourcecode.swift; name = PianoKeyView.swift; path = ../../../PianoSample/PianoSample/PianoKeyView.swift; sourceTree = "<group>"; };
		93A243CD295BF60C0062DA37 /* PianoView.swift */ = {isa = PBXFileReference; lastKnownFileType = sourcecode.swift; path = PianoView.swift; sourceTree = "<group>"; };
		93A243CF295C09FB0062DA37 /* Piano.swift */ = {isa = PBXFileReference; lastKnownFileType = sourcecode.swift; path = Piano.swift; sourceTree = "<group>"; };
		93A243D1295C0E200062DA37 /* MusicTheory.swift */ = {isa = PBXFileReference; lastKnownFileType = sourcecode.swift; path = MusicTheory.swift; sourceTree = "<group>"; };
/* End PBXFileReference section */

/* Begin PBXFrameworksBuildPhase section */
		93A2438A295B27B10062DA37 /* Frameworks */ = {
			isa = PBXFrameworksBuildPhase;
			buildActionMask = 2147483647;
			files = (
			);
			runOnlyForDeploymentPostprocessing = 0;
		};
		93A2439B295B27B20062DA37 /* Frameworks */ = {
			isa = PBXFrameworksBuildPhase;
			buildActionMask = 2147483647;
			files = (
			);
			runOnlyForDeploymentPostprocessing = 0;
		};
		93A243A5295B27B20062DA37 /* Frameworks */ = {
			isa = PBXFrameworksBuildPhase;
			buildActionMask = 2147483647;
			files = (
			);
			runOnlyForDeploymentPostprocessing = 0;
		};
/* End PBXFrameworksBuildPhase section */

/* Begin PBXGroup section */
		93A24384295B27B10062DA37 = {
			isa = PBXGroup;
			children = (
				93A2438F295B27B10062DA37 /* chordplayer */,
				93A243A1295B27B20062DA37 /* chordplayerTests */,
				93A243AB295B27B20062DA37 /* chordplayerUITests */,
				93A2438E295B27B10062DA37 /* Products */,
			);
			sourceTree = "<group>";
		};
		93A2438E295B27B10062DA37 /* Products */ = {
			isa = PBXGroup;
			children = (
				93A2438D295B27B10062DA37 /* chordplayer.app */,
				93A2439E295B27B20062DA37 /* chordplayerTests.xctest */,
				93A243A8295B27B20062DA37 /* chordplayerUITests.xctest */,
			);
			name = Products;
			sourceTree = "<group>";
		};
		93A2438F295B27B10062DA37 /* chordplayer */ = {
			isa = PBXGroup;
			children = (
				93A243D1295C0E200062DA37 /* MusicTheory.swift */,
				93A243CF295C09FB0062DA37 /* Piano.swift */,
				93A243C8295BF4FE0062DA37 /* PianoKeyView.swift */,
				93A243C7295BF4FE0062DA37 /* PianoModel.swift */,
				93A243C5295BF4E50062DA37 /* PianoKeyModel.swift */,
				93A243C3295BF4B20062DA37 /* KeyShape.swift */,
				93A24390295B27B10062DA37 /* chordplayerApp.swift */,
				93A24392295B27B10062DA37 /* ContentView.swift */,
				93A243CD295BF60C0062DA37 /* PianoView.swift */,
				93A24394295B27B20062DA37 /* Assets.xcassets */,
				93A24396295B27B20062DA37 /* chordplayer.entitlements */,
				93A24397295B27B20062DA37 /* Preview Content */,
			);
			path = chordplayer;
			sourceTree = "<group>";
		};
		93A24397295B27B20062DA37 /* Preview Content */ = {
			isa = PBXGroup;
			children = (
				93A24398295B27B20062DA37 /* Preview Assets.xcassets */,
			);
			path = "Preview Content";
			sourceTree = "<group>";
		};
		93A243A1295B27B20062DA37 /* chordplayerTests */ = {
			isa = PBXGroup;
			children = (
				93A243A2295B27B20062DA37 /* chordplayerTests.swift */,
			);
			path = chordplayerTests;
			sourceTree = "<group>";
		};
		93A243AB295B27B20062DA37 /* chordplayerUITests */ = {
			isa = PBXGroup;
			children = (
				93A243AC295B27B20062DA37 /* chordplayerUITests.swift */,
				93A243AE295B27B20062DA37 /* chordplayerUITestsLaunchTests.swift */,
			);
			path = chordplayerUITests;
			sourceTree = "<group>";
		};
/* End PBXGroup section */

/* Begin PBXNativeTarget section */
		93A2438C295B27B10062DA37 /* chordplayer */ = {
			isa = PBXNativeTarget;
			buildConfigurationList = 93A243B2295B27B20062DA37 /* Build configuration list for PBXNativeTarget "chordplayer" */;
			buildPhases = (
				93A24389295B27B10062DA37 /* Sources */,
				93A2438A295B27B10062DA37 /* Frameworks */,
				93A2438B295B27B10062DA37 /* Resources */,
			);
			buildRules = (
			);
			dependencies = (
			);
			name = chordplayer;
			productName = chordplayer;
			productReference = 93A2438D295B27B10062DA37 /* chordplayer.app */;
			productType = "com.apple.product-type.application";
		};
		93A2439D295B27B20062DA37 /* chordplayerTests */ = {
			isa = PBXNativeTarget;
			buildConfigurationList = 93A243B5295B27B20062DA37 /* Build configuration list for PBXNativeTarget "chordplayerTests" */;
			buildPhases = (
				93A2439A295B27B20062DA37 /* Sources */,
				93A2439B295B27B20062DA37 /* Frameworks */,
				93A2439C295B27B20062DA37 /* Resources */,
			);
			buildRules = (
			);
			dependencies = (
				93A243A0295B27B20062DA37 /* PBXTargetDependency */,
			);
			name = chordplayerTests;
			productName = chordplayerTests;
			productReference = 93A2439E295B27B20062DA37 /* chordplayerTests.xctest */;
			productType = "com.apple.product-type.bundle.unit-test";
		};
		93A243A7295B27B20062DA37 /* chordplayerUITests */ = {
			isa = PBXNativeTarget;
			buildConfigurationList = 93A243B8295B27B20062DA37 /* Build configuration list for PBXNativeTarget "chordplayerUITests" */;
			buildPhases = (
				93A243A4295B27B20062DA37 /* Sources */,
				93A243A5295B27B20062DA37 /* Frameworks */,
				93A243A6295B27B20062DA37 /* Resources */,
			);
			buildRules = (
			);
			dependencies = (
				93A243AA295B27B20062DA37 /* PBXTargetDependency */,
			);
			name = chordplayerUITests;
			productName = chordplayerUITests;
			productReference = 93A243A8295B27B20062DA37 /* chordplayerUITests.xctest */;
			productType = "com.apple.product-type.bundle.ui-testing";
		};
/* End PBXNativeTarget section */

/* Begin PBXProject section */
		93A24385295B27B10062DA37 /* Project object */ = {
			isa = PBXProject;
			attributes = {
				BuildIndependentTargetsInParallel = 1;
				LastSwiftUpdateCheck = 1410;
				LastUpgradeCheck = 1410;
				TargetAttributes = {
					93A2438C295B27B10062DA37 = {
						CreatedOnToolsVersion = 14.1;
					};
					93A2439D295B27B20062DA37 = {
						CreatedOnToolsVersion = 14.1;
						TestTargetID = 93A2438C295B27B10062DA37;
					};
					93A243A7295B27B20062DA37 = {
						CreatedOnToolsVersion = 14.1;
						TestTargetID = 93A2438C295B27B10062DA37;
					};
				};
			};
			buildConfigurationList = 93A24388295B27B10062DA37 /* Build configuration list for PBXProject "chordplayer" */;
			compatibilityVersion = "Xcode 14.0";
			developmentRegion = en;
			hasScannedForEncodings = 0;
			knownRegions = (
				en,
				Base,
			);
			mainGroup = 93A24384295B27B10062DA37;
			productRefGroup = 93A2438E295B27B10062DA37 /* Products */;
			projectDirPath = "";
			projectRoot = "";
			targets = (
				93A2438C295B27B10062DA37 /* chordplayer */,
				93A2439D295B27B20062DA37 /* chordplayerTests */,
				93A243A7295B27B20062DA37 /* chordplayerUITests */,
			);
		};
/* End PBXProject section */

/* Begin PBXResourcesBuildPhase section */
		93A2438B295B27B10062DA37 /* Resources */ = {
			isa = PBXResourcesBuildPhase;
			buildActionMask = 2147483647;
			files = (
				93A24399295B27B20062DA37 /* Preview Assets.xcassets in Resources */,
				93A24395295B27B20062DA37 /* Assets.xcassets in Resources */,
			);
			runOnlyForDeploymentPostprocessing = 0;
		};
		93A2439C295B27B20062DA37 /* Resources */ = {
			isa = PBXResourcesBuildPhase;
			buildActionMask = 2147483647;
			files = (
			);
			runOnlyForDeploymentPostprocessing = 0;
		};
		93A243A6295B27B20062DA37 /* Resources */ = {
			isa = PBXResourcesBuildPhase;
			buildActionMask = 2147483647;
			files = (
			);
			runOnlyForDeploymentPostprocessing = 0;
		};
/* End PBXResourcesBuildPhase section */

/* Begin PBXSourcesBuildPhase section */
		93A24389295B27B10062DA37 /* Sources */ = {
			isa = PBXSourcesBuildPhase;
			buildActionMask = 2147483647;
			files = (
				93A24393295B27B10062DA37 /* ContentView.swift in Sources */,
				93A243D2295C0E200062DA37 /* MusicTheory.swift in Sources */,
				93A243C9295BF4FE0062DA37 /* PianoModel.swift in Sources */,
				93A243CA295BF4FE0062DA37 /* PianoKeyView.swift in Sources */,
				93A24391295B27B10062DA37 /* chordplayerApp.swift in Sources */,
				93A243CE295BF60C0062DA37 /* PianoView.swift in Sources */,
				93A243D0295C09FB0062DA37 /* Piano.swift in Sources */,
				93A243C4295BF4B20062DA37 /* KeyShape.swift in Sources */,
				93A243C6295BF4E50062DA37 /* PianoKeyModel.swift in Sources */,
			);
			runOnlyForDeploymentPostprocessing = 0;
		};
		93A2439A295B27B20062DA37 /* Sources */ = {
			isa = PBXSourcesBuildPhase;
			buildActionMask = 2147483647;
			files = (
				93A243A3295B27B20062DA37 /* chordplayerTests.swift in Sources */,
			);
			runOnlyForDeploymentPostprocessing = 0;
		};
		93A243A4295B27B20062DA37 /* Sources */ = {
			isa = PBXSourcesBuildPhase;
			buildActionMask = 2147483647;
			files = (
				93A243AF295B27B20062DA37 /* chordplayerUITestsLaunchTests.swift in Sources */,
				93A243AD295B27B20062DA37 /* chordplayerUITests.swift in Sources */,
			);
			runOnlyForDeploymentPostprocessing = 0;
		};
/* End PBXSourcesBuildPhase section */

/* Begin PBXTargetDependency section */
		93A243A0295B27B20062DA37 /* PBXTargetDependency */ = {
			isa = PBXTargetDependency;
			target = 93A2438C295B27B10062DA37 /* chordplayer */;
			targetProxy = 93A2439F295B27B20062DA37 /* PBXContainerItemProxy */;
		};
		93A243AA295B27B20062DA37 /* PBXTargetDependency */ = {
			isa = PBXTargetDependency;
			target = 93A2438C295B27B10062DA37 /* chordplayer */;
			targetProxy = 93A243A9295B27B20062DA37 /* PBXContainerItemProxy */;
		};
/* End PBXTargetDependency section */

/* Begin XCBuildConfiguration section */
		93A243B0295B27B20062DA37 /* Debug */ = {
			isa = XCBuildConfiguration;
			buildSettings = {
				ALWAYS_SEARCH_USER_PATHS = NO;
				CLANG_ANALYZER_NONNULL = YES;
				CLANG_ANALYZER_NUMBER_OBJECT_CONVERSION = YES_AGGRESSIVE;
				CLANG_CXX_LANGUAGE_STANDARD = "gnu++20";
				CLANG_ENABLE_MODULES = YES;
				CLANG_ENABLE_OBJC_ARC = YES;
				CLANG_ENABLE_OBJC_WEAK = YES;
				CLANG_WARN_BLOCK_CAPTURE_AUTORELEASING = YES;
				CLANG_WARN_BOOL_CONVERSION = YES;
				CLANG_WARN_COMMA = YES;
				CLANG_WARN_CONSTANT_CONVERSION = YES;
				CLANG_WARN_DEPRECATED_OBJC_IMPLEMENTATIONS = YES;
				CLANG_WARN_DIRECT_OBJC_ISA_USAGE = YES_ERROR;
				CLANG_WARN_DOCUMENTATION_COMMENTS = YES;
				CLANG_WARN_EMPTY_BODY = YES;
				CLANG_WARN_ENUM_CONVERSION = YES;
				CLANG_WARN_INFINITE_RECURSION = YES;
				CLANG_WARN_INT_CONVERSION = YES;
				CLANG_WARN_NON_LITERAL_NULL_CONVERSION = YES;
				CLANG_WARN_OBJC_IMPLICIT_RETAIN_SELF = YES;
				CLANG_WARN_OBJC_LITERAL_CONVERSION = YES;
				CLANG_WARN_OBJC_ROOT_CLASS = YES_ERROR;
				CLANG_WARN_QUOTED_INCLUDE_IN_FRAMEWORK_HEADER = YES;
				CLANG_WARN_RANGE_LOOP_ANALYSIS = YES;
				CLANG_WARN_STRICT_PROTOTYPES = YES;
				CLANG_WARN_SUSPICIOUS_MOVE = YES;
				CLANG_WARN_UNGUARDED_AVAILABILITY = YES_AGGRESSIVE;
				CLANG_WARN_UNREACHABLE_CODE = YES;
				CLANG_WARN__DUPLICATE_METHOD_MATCH = YES;
				COPY_PHASE_STRIP = NO;
				DEBUG_INFORMATION_FORMAT = dwarf;
				ENABLE_STRICT_OBJC_MSGSEND = YES;
				ENABLE_TESTABILITY = YES;
				GCC_C_LANGUAGE_STANDARD = gnu11;
				GCC_DYNAMIC_NO_PIC = NO;
				GCC_NO_COMMON_BLOCKS = YES;
				GCC_OPTIMIZATION_LEVEL = 0;
				GCC_PREPROCESSOR_DEFINITIONS = (
					"DEBUG=1",
					"$(inherited)",
				);
				GCC_WARN_64_TO_32_BIT_CONVERSION = YES;
				GCC_WARN_ABOUT_RETURN_TYPE = YES_ERROR;
				GCC_WARN_UNDECLARED_SELECTOR = YES;
				GCC_WARN_UNINITIALIZED_AUTOS = YES_AGGRESSIVE;
				GCC_WARN_UNUSED_FUNCTION = YES;
				GCC_WARN_UNUSED_VARIABLE = YES;
				MTL_ENABLE_DEBUG_INFO = INCLUDE_SOURCE;
				MTL_FAST_MATH = YES;
				ONLY_ACTIVE_ARCH = YES;
				SWIFT_ACTIVE_COMPILATION_CONDITIONS = DEBUG;
				SWIFT_OPTIMIZATION_LEVEL = "-Onone";
			};
			name = Debug;
		};
		93A243B1295B27B20062DA37 /* Release */ = {
			isa = XCBuildConfiguration;
			buildSettings = {
				ALWAYS_SEARCH_USER_PATHS = NO;
				CLANG_ANALYZER_NONNULL = YES;
				CLANG_ANALYZER_NUMBER_OBJECT_CONVERSION = YES_AGGRESSIVE;
				CLANG_CXX_LANGUAGE_STANDARD = "gnu++20";
				CLANG_ENABLE_MODULES = YES;
				CLANG_ENABLE_OBJC_ARC = YES;
				CLANG_ENABLE_OBJC_WEAK = YES;
				CLANG_WARN_BLOCK_CAPTURE_AUTORELEASING = YES;
				CLANG_WARN_BOOL_CONVERSION = YES;
				CLANG_WARN_COMMA = YES;
				CLANG_WARN_CONSTANT_CONVERSION = YES;
				CLANG_WARN_DEPRECATED_OBJC_IMPLEMENTATIONS = YES;
				CLANG_WARN_DIRECT_OBJC_ISA_USAGE = YES_ERROR;
				CLANG_WARN_DOCUMENTATION_COMMENTS = YES;
				CLANG_WARN_EMPTY_BODY = YES;
				CLANG_WARN_ENUM_CONVERSION = YES;
				CLANG_WARN_INFINITE_RECURSION = YES;
				CLANG_WARN_INT_CONVERSION = YES;
				CLANG_WARN_NON_LITERAL_NULL_CONVERSION = YES;
				CLANG_WARN_OBJC_IMPLICIT_RETAIN_SELF = YES;
				CLANG_WARN_OBJC_LITERAL_CONVERSION = YES;
				CLANG_WARN_OBJC_ROOT_CLASS = YES_ERROR;
				CLANG_WARN_QUOTED_INCLUDE_IN_FRAMEWORK_HEADER = YES;
				CLANG_WARN_RANGE_LOOP_ANALYSIS = YES;
				CLANG_WARN_STRICT_PROTOTYPES = YES;
				CLANG_WARN_SUSPICIOUS_MOVE = YES;
				CLANG_WARN_UNGUARDED_AVAILABILITY = YES_AGGRESSIVE;
				CLANG_WARN_UNREACHABLE_CODE = YES;
				CLANG_WARN__DUPLICATE_METHOD_MATCH = YES;
				COPY_PHASE_STRIP = NO;
				DEBUG_INFORMATION_FORMAT = "dwarf-with-dsym";
				ENABLE_NS_ASSERTIONS = NO;
				ENABLE_STRICT_OBJC_MSGSEND = YES;
				GCC_C_LANGUAGE_STANDARD = gnu11;
				GCC_NO_COMMON_BLOCKS = YES;
				GCC_WARN_64_TO_32_BIT_CONVERSION = YES;
				GCC_WARN_ABOUT_RETURN_TYPE = YES_ERROR;
				GCC_WARN_UNDECLARED_SELECTOR = YES;
				GCC_WARN_UNINITIALIZED_AUTOS = YES_AGGRESSIVE;
				GCC_WARN_UNUSED_FUNCTION = YES;
				GCC_WARN_UNUSED_VARIABLE = YES;
				MTL_ENABLE_DEBUG_INFO = NO;
				MTL_FAST_MATH = YES;
				SWIFT_COMPILATION_MODE = wholemodule;
				SWIFT_OPTIMIZATION_LEVEL = "-O";
			};
			name = Release;
		};
		93A243B3295B27B20062DA37 /* Debug */ = {
			isa = XCBuildConfiguration;
			buildSettings = {
				ASSETCATALOG_COMPILER_APPICON_NAME = AppIcon;
				ASSETCATALOG_COMPILER_GLOBAL_ACCENT_COLOR_NAME = AccentColor;
				CODE_SIGN_ENTITLEMENTS = chordplayer/chordplayer.entitlements;
				CODE_SIGN_STYLE = Automatic;
				CURRENT_PROJECT_VERSION = 1;
				DEVELOPMENT_ASSET_PATHS = "\"chordplayer/Preview Content\"";
				DEVELOPMENT_TEAM = SW982YAQXW;
				ENABLE_HARDENED_RUNTIME = YES;
				ENABLE_PREVIEWS = YES;
				GENERATE_INFOPLIST_FILE = YES;
				"INFOPLIST_KEY_UIApplicationSceneManifest_Generation[sdk=iphoneos*]" = YES;
				"INFOPLIST_KEY_UIApplicationSceneManifest_Generation[sdk=iphonesimulator*]" = YES;
				"INFOPLIST_KEY_UIApplicationSupportsIndirectInputEvents[sdk=iphoneos*]" = YES;
				"INFOPLIST_KEY_UIApplicationSupportsIndirectInputEvents[sdk=iphonesimulator*]" = YES;
				"INFOPLIST_KEY_UILaunchScreen_Generation[sdk=iphoneos*]" = YES;
				"INFOPLIST_KEY_UILaunchScreen_Generation[sdk=iphonesimulator*]" = YES;
				"INFOPLIST_KEY_UIStatusBarStyle[sdk=iphoneos*]" = UIStatusBarStyleDefault;
				"INFOPLIST_KEY_UIStatusBarStyle[sdk=iphonesimulator*]" = UIStatusBarStyleDefault;
				INFOPLIST_KEY_UISupportedInterfaceOrientations_iPad = "UIInterfaceOrientationPortrait UIInterfaceOrientationPortraitUpsideDown UIInterfaceOrientationLandscapeLeft UIInterfaceOrientationLandscapeRight";
				INFOPLIST_KEY_UISupportedInterfaceOrientations_iPhone = "UIInterfaceOrientationPortrait UIInterfaceOrientationLandscapeLeft UIInterfaceOrientationLandscapeRight";
				IPHONEOS_DEPLOYMENT_TARGET = 16.1;
				LD_RUNPATH_SEARCH_PATHS = "@executable_path/Frameworks";
				"LD_RUNPATH_SEARCH_PATHS[sdk=macosx*]" = "@executable_path/../Frameworks";
				MACOSX_DEPLOYMENT_TARGET = 12.6;
				MARKETING_VERSION = 1.0;
				PRODUCT_BUNDLE_IDENTIFIER = xuanji.chordplayer;
				PRODUCT_NAME = "$(TARGET_NAME)";
				SDKROOT = auto;
				SUPPORTED_PLATFORMS = "iphoneos iphonesimulator macosx";
				SWIFT_EMIT_LOC_STRINGS = YES;
				SWIFT_VERSION = 5.0;
				TARGETED_DEVICE_FAMILY = "1,2";
			};
			name = Debug;
		};
		93A243B4295B27B20062DA37 /* Release */ = {
			isa = XCBuildConfiguration;
			buildSettings = {
				ASSETCATALOG_COMPILER_APPICON_NAME = AppIcon;
				ASSETCATALOG_COMPILER_GLOBAL_ACCENT_COLOR_NAME = AccentColor;
				CODE_SIGN_ENTITLEMENTS = chordplayer/chordplayer.entitlements;
				CODE_SIGN_STYLE = Automatic;
				CURRENT_PROJECT_VERSION = 1;
				DEVELOPMENT_ASSET_PATHS = "\"chordplayer/Preview Content\"";
				DEVELOPMENT_TEAM = SW982YAQXW;
				ENABLE_HARDENED_RUNTIME = YES;
				ENABLE_PREVIEWS = YES;
				GENERATE_INFOPLIST_FILE = YES;
				"INFOPLIST_KEY_UIApplicationSceneManifest_Generation[sdk=iphoneos*]" = YES;
				"INFOPLIST_KEY_UIApplicationSceneManifest_Generation[sdk=iphonesimulator*]" = YES;
				"INFOPLIST_KEY_UIApplicationSupportsIndirectInputEvents[sdk=iphoneos*]" = YES;
				"INFOPLIST_KEY_UIApplicationSupportsIndirectInputEvents[sdk=iphonesimulator*]" = YES;
				"INFOPLIST_KEY_UILaunchScreen_Generation[sdk=iphoneos*]" = YES;
				"INFOPLIST_KEY_UILaunchScreen_Generation[sdk=iphonesimulator*]" = YES;
				"INFOPLIST_KEY_UIStatusBarStyle[sdk=iphoneos*]" = UIStatusBarStyleDefault;
				"INFOPLIST_KEY_UIStatusBarStyle[sdk=iphonesimulator*]" = UIStatusBarStyleDefault;
				INFOPLIST_KEY_UISupportedInterfaceOrientations_iPad = "UIInterfaceOrientationPortrait UIInterfaceOrientationPortraitUpsideDown UIInterfaceOrientationLandscapeLeft UIInterfaceOrientationLandscapeRight";
				INFOPLIST_KEY_UISupportedInterfaceOrientations_iPhone = "UIInterfaceOrientationPortrait UIInterfaceOrientationLandscapeLeft UIInterfaceOrientationLandscapeRight";
				IPHONEOS_DEPLOYMENT_TARGET = 16.1;
				LD_RUNPATH_SEARCH_PATHS = "@executable_path/Frameworks";
				"LD_RUNPATH_SEARCH_PATHS[sdk=macosx*]" = "@executable_path/../Frameworks";
				MACOSX_DEPLOYMENT_TARGET = 12.6;
				MARKETING_VERSION = 1.0;
				PRODUCT_BUNDLE_IDENTIFIER = xuanji.chordplayer;
				PRODUCT_NAME = "$(TARGET_NAME)";
				SDKROOT = auto;
				SUPPORTED_PLATFORMS = "iphoneos iphonesimulator macosx";
				SWIFT_EMIT_LOC_STRINGS = YES;
				SWIFT_VERSION = 5.0;
				TARGETED_DEVICE_FAMILY = "1,2";
			};
			name = Release;
		};
		93A243B6295B27B20062DA37 /* Debug */ = {
			isa = XCBuildConfiguration;
			buildSettings = {
				ALWAYS_EMBED_SWIFT_STANDARD_LIBRARIES = YES;
				BUNDLE_LOADER = "$(TEST_HOST)";
				CODE_SIGN_STYLE = Automatic;
				CURRENT_PROJECT_VERSION = 1;
				DEVELOPMENT_TEAM = SW982YAQXW;
				GENERATE_INFOPLIST_FILE = YES;
				IPHONEOS_DEPLOYMENT_TARGET = 16.1;
				MACOSX_DEPLOYMENT_TARGET = 12.6;
				MARKETING_VERSION = 1.0;
				PRODUCT_BUNDLE_IDENTIFIER = xuanji.chordplayerTests;
				PRODUCT_NAME = "$(TARGET_NAME)";
				SDKROOT = auto;
				SUPPORTED_PLATFORMS = "iphoneos iphonesimulator macosx";
				SWIFT_EMIT_LOC_STRINGS = NO;
				SWIFT_VERSION = 5.0;
				TARGETED_DEVICE_FAMILY = "1,2";
				TEST_HOST = "$(BUILT_PRODUCTS_DIR)/chordplayer.app/$(BUNDLE_EXECUTABLE_FOLDER_PATH)/chordplayer";
			};
			name = Debug;
		};
		93A243B7295B27B20062DA37 /* Release */ = {
			isa = XCBuildConfiguration;
			buildSettings = {
				ALWAYS_EMBED_SWIFT_STANDARD_LIBRARIES = YES;
				BUNDLE_LOADER = "$(TEST_HOST)";
				CODE_SIGN_STYLE = Automatic;
				CURRENT_PROJECT_VERSION = 1;
				DEVELOPMENT_TEAM = SW982YAQXW;
				GENERATE_INFOPLIST_FILE = YES;
				IPHONEOS_DEPLOYMENT_TARGET = 16.1;
				MACOSX_DEPLOYMENT_TARGET = 12.6;
				MARKETING_VERSION = 1.0;
				PRODUCT_BUNDLE_IDENTIFIER = xuanji.chordplayerTests;
				PRODUCT_NAME = "$(TARGET_NAME)";
				SDKROOT = auto;
				SUPPORTED_PLATFORMS = "iphoneos iphonesimulator macosx";
				SWIFT_EMIT_LOC_STRINGS = NO;
				SWIFT_VERSION = 5.0;
				TARGETED_DEVICE_FAMILY = "1,2";
				TEST_HOST = "$(BUILT_PRODUCTS_DIR)/chordplayer.app/$(BUNDLE_EXECUTABLE_FOLDER_PATH)/chordplayer";
			};
			name = Release;
		};
		93A243B9295B27B20062DA37 /* Debug */ = {
			isa = XCBuildConfiguration;
			buildSettings = {
				ALWAYS_EMBED_SWIFT_STANDARD_LIBRARIES = YES;
				CODE_SIGN_STYLE = Automatic;
				CURRENT_PROJECT_VERSION = 1;
				DEVELOPMENT_TEAM = SW982YAQXW;
				GENERATE_INFOPLIST_FILE = YES;
				IPHONEOS_DEPLOYMENT_TARGET = 16.1;
				MACOSX_DEPLOYMENT_TARGET = 12.6;
				MARKETING_VERSION = 1.0;
				PRODUCT_BUNDLE_IDENTIFIER = xuanji.chordplayerUITests;
				PRODUCT_NAME = "$(TARGET_NAME)";
				SDKROOT = auto;
				SUPPORTED_PLATFORMS = "iphoneos iphonesimulator macosx";
				SWIFT_EMIT_LOC_STRINGS = NO;
				SWIFT_VERSION = 5.0;
				TARGETED_DEVICE_FAMILY = "1,2";
				TEST_TARGET_NAME = chordplayer;
			};
			name = Debug;
		};
		93A243BA295B27B20062DA37 /* Release */ = {
			isa = XCBuildConfiguration;
			buildSettings = {
				ALWAYS_EMBED_SWIFT_STANDARD_LIBRARIES = YES;
				CODE_SIGN_STYLE = Automatic;
				CURRENT_PROJECT_VERSION = 1;
				DEVELOPMENT_TEAM = SW982YAQXW;
				GENERATE_INFOPLIST_FILE = YES;
				IPHONEOS_DEPLOYMENT_TARGET = 16.1;
				MACOSX_DEPLOYMENT_TARGET = 12.6;
				MARKETING_VERSION = 1.0;
				PRODUCT_BUNDLE_IDENTIFIER = xuanji.chordplayerUITests;
				PRODUCT_NAME = "$(TARGET_NAME)";
				SDKROOT = auto;
				SUPPORTED_PLATFORMS = "iphoneos iphonesimulator macosx";
				SWIFT_EMIT_LOC_STRINGS = NO;
				SWIFT_VERSION = 5.0;
				TARGETED_DEVICE_FAMILY = "1,2";
				TEST_TARGET_NAME = chordplayer;
			};
			name = Release;
		};
/* End XCBuildConfiguration section */

/* Begin XCConfigurationList section */
		93A24388295B27B10062DA37 /* Build configuration list for PBXProject "chordplayer" */ = {
			isa = XCConfigurationList;
			buildConfigurations = (
				93A243B0295B27B20062DA37 /* Debug */,
				93A243B1295B27B20062DA37 /* Release */,
			);
			defaultConfigurationIsVisible = 0;
			defaultConfigurationName = Release;
		};
		93A243B2295B27B20062DA37 /* Build configuration list for PBXNativeTarget "chordplayer" */ = {
			isa = XCConfigurationList;
			buildConfigurations = (
				93A243B3295B27B20062DA37 /* Debug */,
				93A243B4295B27B20062DA37 /* Release */,
			);
			defaultConfigurationIsVisible = 0;
			defaultConfigurationName = Release;
		};
		93A243B5295B27B20062DA37 /* Build configuration list for PBXNativeTarget "chordplayerTests" */ = {
			isa = XCConfigurationList;
			buildConfigurations = (
				93A243B6295B27B20062DA37 /* Debug */,
				93A243B7295B27B20062DA37 /* Release */,
			);
			defaultConfigurationIsVisible = 0;
			defaultConfigurationName = Release;
		};
		93A243B8295B27B20062DA37 /* Build configuration list for PBXNativeTarget "chordplayerUITests" */ = {
			isa = XCConfigurationList;
			buildConfigurations = (
				93A243B9295B27B20062DA37 /* Debug */,
				93A243BA295B27B20062DA37 /* Release */,
			);
			defaultConfigurationIsVisible = 0;
			defaultConfigurationName = Release;
		};
/* End XCConfigurationList section */
	};
	rootObject = 93A24385295B27B10062DA37 /* Project object */;
}
